github.com/Infinitare/types-template v0.0.0-20240708203248-3dbf870399aa h1:QfboXdBlKXNh6YysYYYu6B7/Q0COeUXbJXDlwW/mh1o=
github.com/Infinitare/types-template v0.0.0-20240708203248-3dbf870399aa/go.mod h1:JjY8hkvTLv3599bs79Bgp8Zinyc/Nl7i1nXYvnDE9Sg=
github.com/Infinitare/types-template v0.0.0-20240708203420-605be4be41ed h1:R/yIFaLkMiXiDCm4FJi1gDWwH7/pmRxS8FR6Hm+tpR0=
github.com/Infinitare/types-template v0.0.0-20240708203420-605be4be41ed/go.mod h1:JjY8hkvTLv3599bs79Bgp8Zinyc/Nl7i1nXYvnDE9Sg=
github.com/Infinitare/types-template v0.0.0-20240708204936-64826955624a h1:fwfhyzdJTx6/qpHEioFPzNV2LJqNpfVBino9hNogIWo=
github.com/Infinitare/types-template v0.0.0-20240708204936-64826955624a/go.mod h1:JjY8hkvTLv3599bs79Bgp8Zinyc/Nl7i1nXYvnDE9Sg=
github.com/gorilla/mux v1.8.1 h1:TuBL49tXwgrFYWhqrNgrUNEY92u81SPhu7sTdzQEiWY=
github.com/gorilla/mux v1.8.1/go.mod h1:AKf9I4AEqPTmMytcMc0KkNouC66V3BtZ4qD5fmWSiMQ=
github.com/joho/godotenv v1.5.1 h1:7eLL/+HRGLY0ldzfGMeQkb7vMd0as4CfYvUVzLqw0N0=
github.com/joho/godotenv v1.5.1/go.mod h1:f4LDr5Voq0i2e/R5DDNOoa2zzDfwtkZa6DnEwAbqwq4=
github.com/lib/pq v1.10.9 h1:YXG7RB+JIjhP29X+OtkiDnYaXQwpS4JEWq7dtCCRUEw=
github.com/lib/pq v1.10.9/go.mod h1:AlVN5x4E4T544tWzH6hKfbfQvm3HdbOxrmggDNAPY9o=
